// !$*UTF8*$!
{
	archiveVersion = 1;
	classes = {
	};
	objectVersion = 56;
	objects = {

/* Begin PBXBuildFile section */
		244C13F4292F83700092AD2B /* AppDelegate.swift in Sources */ = {isa = PBXBuildFile; fileRef = 244C13F3292F83700092AD2B /* AppDelegate.swift */; };
		244C13F6292F83700092AD2B /* SceneDelegate.swift in Sources */ = {isa = PBXBuildFile; fileRef = 244C13F5292F83700092AD2B /* SceneDelegate.swift */; };
		244C13F8292F83700092AD2B /* HomeController.swift in Sources */ = {isa = PBXBuildFile; fileRef = 244C13F7292F83700092AD2B /* HomeController.swift */; };
		244C13FD292F83700092AD2B /* Assets.xcassets in Resources */ = {isa = PBXBuildFile; fileRef = 244C13FC292F83700092AD2B /* Assets.xcassets */; };
		244C1400292F83700092AD2B /* LaunchScreen.storyboard in Resources */ = {isa = PBXBuildFile; fileRef = 244C13FE292F83700092AD2B /* LaunchScreen.storyboard */; };
		244C140B292F85D50092AD2B /* Leagues.swift in Sources */ = {isa = PBXBuildFile; fileRef = 244C140A292F85D50092AD2B /* Leagues.swift */; };
		244C140E292F86AB0092AD2B /* LeagueManager.swift in Sources */ = {isa = PBXBuildFile; fileRef = 244C140D292F86AB0092AD2B /* LeagueManager.swift */; };
		244C1413292F8A400092AD2B /* HomeViewModel.swift in Sources */ = {isa = PBXBuildFile; fileRef = 244C1412292F8A400092AD2B /* HomeViewModel.swift */; };
		244C1416292F90DF0092AD2B /* LeagueCell.swift in Sources */ = {isa = PBXBuildFile; fileRef = 244C1415292F90DF0092AD2B /* LeagueCell.swift */; };
		244C1419292F91DB0092AD2B /* CollectionView+Ext.swift in Sources */ = {isa = PBXBuildFile; fileRef = 244C1418292F91DB0092AD2B /* CollectionView+Ext.swift */; };
		244C141C292F99620092AD2B /* TeamsController.swift in Sources */ = {isa = PBXBuildFile; fileRef = 244C141B292F99620092AD2B /* TeamsController.swift */; };
		244C141E292F996D0092AD2B /* TeamsViewModel.swift in Sources */ = {isa = PBXBuildFile; fileRef = 244C141D292F996D0092AD2B /* TeamsViewModel.swift */; };
		244C1420292F997E0092AD2B /* TeamsManager.swift in Sources */ = {isa = PBXBuildFile; fileRef = 244C141F292F997E0092AD2B /* TeamsManager.swift */; };
		244C1422292F99CF0092AD2B /* Teams.swift in Sources */ = {isa = PBXBuildFile; fileRef = 244C1421292F99CF0092AD2B /* Teams.swift */; };
		244C1425292FA1300092AD2B /* TeamCell.swift in Sources */ = {isa = PBXBuildFile; fileRef = 244C1424292FA1300092AD2B /* TeamCell.swift */; };
		244C1428292FA2460092AD2B /* Kingfisher in Frameworks */ = {isa = PBXBuildFile; productRef = 244C1427292FA2460092AD2B /* Kingfisher */; };
		244C142D292FA98B0092AD2B /* TeamDetailViewModel.swift in Sources */ = {isa = PBXBuildFile; fileRef = 244C142C292FA98B0092AD2B /* TeamDetailViewModel.swift */; };
		244C142F292FA9A00092AD2B /* TeamDetailsController.swift in Sources */ = {isa = PBXBuildFile; fileRef = 244C142E292FA9A00092AD2B /* TeamDetailsController.swift */; };
		244C143A292FB2A90092AD2B /* TeamsListTest.swift in Sources */ = {isa = PBXBuildFile; fileRef = 244C1439292FB2A90092AD2B /* TeamsListTest.swift */; };
		248CC98C2934B65D0090B70D /* LeagueManagerTests.swift in Sources */ = {isa = PBXBuildFile; fileRef = 248CC98B2934B65D0090B70D /* LeagueManagerTests.swift */; };
/* End PBXBuildFile section */

/* Begin PBXContainerItemProxy section */
		244C143B292FB2A90092AD2B /* PBXContainerItemProxy */ = {
			isa = PBXContainerItemProxy;
			containerPortal = 244C13E8292F83700092AD2B /* Project object */;
			proxyType = 1;
			remoteGlobalIDString = 244C13EF292F83700092AD2B;
			remoteInfo = FDJTest;
		};
/* End PBXContainerItemProxy section */

/* Begin PBXFileReference section */
		244C13F0292F83700092AD2B /* FDJTest.app */ = {isa = PBXFileReference; explicitFileType = wrapper.application; includeInIndex = 0; path = FDJTest.app; sourceTree = BUILT_PRODUCTS_DIR; };
		244C13F3292F83700092AD2B /* AppDelegate.swift */ = {isa = PBXFileReference; lastKnownFileType = sourcecode.swift; path = AppDelegate.swift; sourceTree = "<group>"; };
		244C13F5292F83700092AD2B /* SceneDelegate.swift */ = {isa = PBXFileReference; lastKnownFileType = sourcecode.swift; path = SceneDelegate.swift; sourceTree = "<group>"; };
		244C13F7292F83700092AD2B /* HomeController.swift */ = {isa = PBXFileReference; lastKnownFileType = sourcecode.swift; path = HomeController.swift; sourceTree = "<group>"; };
		244C13FC292F83700092AD2B /* Assets.xcassets */ = {isa = PBXFileReference; lastKnownFileType = folder.assetcatalog; path = Assets.xcassets; sourceTree = "<group>"; };
		244C13FF292F83700092AD2B /* Base */ = {isa = PBXFileReference; lastKnownFileType = file.storyboard; name = Base; path = Base.lproj/LaunchScreen.storyboard; sourceTree = "<group>"; };
		244C1401292F83700092AD2B /* Info.plist */ = {isa = PBXFileReference; lastKnownFileType = text.plist.xml; path = Info.plist; sourceTree = "<group>"; };
		244C140A292F85D50092AD2B /* Leagues.swift */ = {isa = PBXFileReference; lastKnownFileType = sourcecode.swift; path = Leagues.swift; sourceTree = "<group>"; };
		244C140D292F86AB0092AD2B /* LeagueManager.swift */ = {isa = PBXFileReference; lastKnownFileType = sourcecode.swift; path = LeagueManager.swift; sourceTree = "<group>"; };
		244C1412292F8A400092AD2B /* HomeViewModel.swift */ = {isa = PBXFileReference; lastKnownFileType = sourcecode.swift; path = HomeViewModel.swift; sourceTree = "<group>"; };
		244C1415292F90DF0092AD2B /* LeagueCell.swift */ = {isa = PBXFileReference; lastKnownFileType = sourcecode.swift; path = LeagueCell.swift; sourceTree = "<group>"; };
		244C1418292F91DB0092AD2B /* CollectionView+Ext.swift */ = {isa = PBXFileReference; lastKnownFileType = sourcecode.swift; path = "CollectionView+Ext.swift"; sourceTree = "<group>"; };
		244C141B292F99620092AD2B /* TeamsController.swift */ = {isa = PBXFileReference; lastKnownFileType = sourcecode.swift; path = TeamsController.swift; sourceTree = "<group>"; };
		244C141D292F996D0092AD2B /* TeamsViewModel.swift */ = {isa = PBXFileReference; lastKnownFileType = sourcecode.swift; path = TeamsViewModel.swift; sourceTree = "<group>"; };
		244C141F292F997E0092AD2B /* TeamsManager.swift */ = {isa = PBXFileReference; lastKnownFileType = sourcecode.swift; path = TeamsManager.swift; sourceTree = "<group>"; };
		244C1421292F99CF0092AD2B /* Teams.swift */ = {isa = PBXFileReference; lastKnownFileType = sourcecode.swift; path = Teams.swift; sourceTree = "<group>"; };
		244C1424292FA1300092AD2B /* TeamCell.swift */ = {isa = PBXFileReference; lastKnownFileType = sourcecode.swift; path = TeamCell.swift; sourceTree = "<group>"; };
		244C142C292FA98B0092AD2B /* TeamDetailViewModel.swift */ = {isa = PBXFileReference; lastKnownFileType = sourcecode.swift; path = TeamDetailViewModel.swift; sourceTree = "<group>"; };
		244C142E292FA9A00092AD2B /* TeamDetailsController.swift */ = {isa = PBXFileReference; lastKnownFileType = sourcecode.swift; path = TeamDetailsController.swift; sourceTree = "<group>"; };
		244C1437292FB2A90092AD2B /* FDJTestTests.xctest */ = {isa = PBXFileReference; explicitFileType = wrapper.cfbundle; includeInIndex = 0; path = FDJTestTests.xctest; sourceTree = BUILT_PRODUCTS_DIR; };
		244C1439292FB2A90092AD2B /* TeamsListTest.swift */ = {isa = PBXFileReference; lastKnownFileType = sourcecode.swift; path = TeamsListTest.swift; sourceTree = "<group>"; };
		248CC98B2934B65D0090B70D /* LeagueManagerTests.swift */ = {isa = PBXFileReference; lastKnownFileType = sourcecode.swift; path = LeagueManagerTests.swift; sourceTree = "<group>"; };
/* End PBXFileReference section */

/* Begin PBXFrameworksBuildPhase section */
		244C13ED292F83700092AD2B /* Frameworks */ = {
			isa = PBXFrameworksBuildPhase;
			buildActionMask = 2147483647;
			files = (
				244C1428292FA2460092AD2B /* Kingfisher in Frameworks */,
			);
			runOnlyForDeploymentPostprocessing = 0;
		};
		244C1434292FB2A90092AD2B /* Frameworks */ = {
			isa = PBXFrameworksBuildPhase;
			buildActionMask = 2147483647;
			files = (
			);
			runOnlyForDeploymentPostprocessing = 0;
		};
/* End PBXFrameworksBuildPhase section */

/* Begin PBXGroup section */
		244C13E7292F83700092AD2B = {
			isa = PBXGroup;
			children = (
				244C13F2292F83700092AD2B /* FDJTest */,
				244C1438292FB2A90092AD2B /* FDJTestTests */,
				244C13F1292F83700092AD2B /* Products */,
			);
			sourceTree = "<group>";
		};
		244C13F1292F83700092AD2B /* Products */ = {
			isa = PBXGroup;
			children = (
				244C13F0292F83700092AD2B /* FDJTest.app */,
				244C1437292FB2A90092AD2B /* FDJTestTests.xctest */,
			);
			name = Products;
			sourceTree = "<group>";
		};
		244C13F2292F83700092AD2B /* FDJTest */ = {
			isa = PBXGroup;
			children = (
				244C13F3292F83700092AD2B /* AppDelegate.swift */,
				244C13F5292F83700092AD2B /* SceneDelegate.swift */,
				244C13FC292F83700092AD2B /* Assets.xcassets */,
				244C13FE292F83700092AD2B /* LaunchScreen.storyboard */,
				244C1401292F83700092AD2B /* Info.plist */,
				244C1407292F85490092AD2B /* Home */,
				244C141A292F992E0092AD2B /* Teams */,
				244C1429292FA80A0092AD2B /* TeamDetail */,
				244C1417292F91CD0092AD2B /* Helper */,
				244C140C292F86720092AD2B /* Network */,
				244C1408292F85BC0092AD2B /* Models */,
			);
			path = FDJTest;
			sourceTree = "<group>";
		};
		244C1407292F85490092AD2B /* Home */ = {
			isa = PBXGroup;
			children = (
				244C1414292F90CE0092AD2B /* Leagues */,
				244C13F7292F83700092AD2B /* HomeController.swift */,
				244C1412292F8A400092AD2B /* HomeViewModel.swift */,
			);
			path = Home;
			sourceTree = "<group>";
		};
		244C1408292F85BC0092AD2B /* Models */ = {
			isa = PBXGroup;
			children = (
				244C140A292F85D50092AD2B /* Leagues.swift */,
				244C1421292F99CF0092AD2B /* Teams.swift */,
			);
			path = Models;
			sourceTree = "<group>";
		};
		244C140C292F86720092AD2B /* Network */ = {
			isa = PBXGroup;
			children = (
				244C140D292F86AB0092AD2B /* LeagueManager.swift */,
				244C141F292F997E0092AD2B /* TeamsManager.swift */,
			);
			path = Network;
			sourceTree = "<group>";
		};
		244C1414292F90CE0092AD2B /* Leagues */ = {
			isa = PBXGroup;
			children = (
				244C1415292F90DF0092AD2B /* LeagueCell.swift */,
			);
			path = Leagues;
			sourceTree = "<group>";
		};
		244C1417292F91CD0092AD2B /* Helper */ = {
			isa = PBXGroup;
			children = (
				244C1418292F91DB0092AD2B /* CollectionView+Ext.swift */,
			);
			path = Helper;
			sourceTree = "<group>";
		};
		244C141A292F992E0092AD2B /* Teams */ = {
			isa = PBXGroup;
			children = (
				244C1423292FA11F0092AD2B /* Team */,
				244C141B292F99620092AD2B /* TeamsController.swift */,
				244C141D292F996D0092AD2B /* TeamsViewModel.swift */,
			);
			path = Teams;
			sourceTree = "<group>";
		};
		244C1423292FA11F0092AD2B /* Team */ = {
			isa = PBXGroup;
			children = (
				244C1424292FA1300092AD2B /* TeamCell.swift */,
			);
			path = Team;
			sourceTree = "<group>";
		};
		244C1429292FA80A0092AD2B /* TeamDetail */ = {
			isa = PBXGroup;
			children = (
				244C142C292FA98B0092AD2B /* TeamDetailViewModel.swift */,
				244C142E292FA9A00092AD2B /* TeamDetailsController.swift */,
			);
			path = TeamDetail;
			sourceTree = "<group>";
		};
		244C1438292FB2A90092AD2B /* FDJTestTests */ = {
			isa = PBXGroup;
			children = (
				244C1439292FB2A90092AD2B /* TeamsListTest.swift */,
				248CC98B2934B65D0090B70D /* LeagueManagerTests.swift */,
			);
			path = FDJTestTests;
			sourceTree = "<group>";
		};
/* End PBXGroup section */

/* Begin PBXNativeTarget section */
		244C13EF292F83700092AD2B /* FDJTest */ = {
			isa = PBXNativeTarget;
			buildConfigurationList = 244C1404292F83700092AD2B /* Build configuration list for PBXNativeTarget "FDJTest" */;
			buildPhases = (
				244C13EC292F83700092AD2B /* Sources */,
				244C13ED292F83700092AD2B /* Frameworks */,
				244C13EE292F83700092AD2B /* Resources */,
			);
			buildRules = (
			);
			dependencies = (
			);
			name = FDJTest;
			packageProductDependencies = (
				244C1427292FA2460092AD2B /* Kingfisher */,
			);
			productName = FDJTest;
			productReference = 244C13F0292F83700092AD2B /* FDJTest.app */;
			productType = "com.apple.product-type.application";
		};
		244C1436292FB2A90092AD2B /* FDJTestTests */ = {
			isa = PBXNativeTarget;
			buildConfigurationList = 244C143D292FB2A90092AD2B /* Build configuration list for PBXNativeTarget "FDJTestTests" */;
			buildPhases = (
				244C1433292FB2A90092AD2B /* Sources */,
				244C1434292FB2A90092AD2B /* Frameworks */,
				244C1435292FB2A90092AD2B /* Resources */,
			);
			buildRules = (
			);
			dependencies = (
				244C143C292FB2A90092AD2B /* PBXTargetDependency */,
			);
			name = FDJTestTests;
			productName = FDJTestTests;
			productReference = 244C1437292FB2A90092AD2B /* FDJTestTests.xctest */;
			productType = "com.apple.product-type.bundle.unit-test";
		};
/* End PBXNativeTarget section */

/* Begin PBXProject section */
		244C13E8292F83700092AD2B /* Project object */ = {
			isa = PBXProject;
			attributes = {
				BuildIndependentTargetsInParallel = 1;
				LastSwiftUpdateCheck = 1410;
				LastUpgradeCheck = 1410;
				TargetAttributes = {
					244C13EF292F83700092AD2B = {
						CreatedOnToolsVersion = 14.1;
					};
					244C1436292FB2A90092AD2B = {
						CreatedOnToolsVersion = 14.1;
						TestTargetID = 244C13EF292F83700092AD2B;
					};
				};
			};
			buildConfigurationList = 244C13EB292F83700092AD2B /* Build configuration list for PBXProject "FDJTest" */;
			compatibilityVersion = "Xcode 14.0";
			developmentRegion = en;
			hasScannedForEncodings = 0;
			knownRegions = (
				en,
				Base,
			);
			mainGroup = 244C13E7292F83700092AD2B;
			packageReferences = (
				244C1426292FA2460092AD2B /* XCRemoteSwiftPackageReference "Kingfisher" */,
			);
			productRefGroup = 244C13F1292F83700092AD2B /* Products */;
			projectDirPath = "";
			projectRoot = "";
			targets = (
				244C13EF292F83700092AD2B /* FDJTest */,
				244C1436292FB2A90092AD2B /* FDJTestTests */,
			);
		};
/* End PBXProject section */

/* Begin PBXResourcesBuildPhase section */
		244C13EE292F83700092AD2B /* Resources */ = {
			isa = PBXResourcesBuildPhase;
			buildActionMask = 2147483647;
			files = (
				244C1400292F83700092AD2B /* LaunchScreen.storyboard in Resources */,
				244C13FD292F83700092AD2B /* Assets.xcassets in Resources */,
			);
			runOnlyForDeploymentPostprocessing = 0;
		};
		244C1435292FB2A90092AD2B /* Resources */ = {
			isa = PBXResourcesBuildPhase;
			buildActionMask = 2147483647;
			files = (
			);
			runOnlyForDeploymentPostprocessing = 0;
		};
/* End PBXResourcesBuildPhase section */

/* Begin PBXSourcesBuildPhase section */
		244C13EC292F83700092AD2B /* Sources */ = {
			isa = PBXSourcesBuildPhase;
			buildActionMask = 2147483647;
			files = (
				244C1422292F99CF0092AD2B /* Teams.swift in Sources */,
				244C140E292F86AB0092AD2B /* LeagueManager.swift in Sources */,
				244C1413292F8A400092AD2B /* HomeViewModel.swift in Sources */,
				244C13F8292F83700092AD2B /* HomeController.swift in Sources */,
				244C142D292FA98B0092AD2B /* TeamDetailViewModel.swift in Sources */,
				244C141E292F996D0092AD2B /* TeamsViewModel.swift in Sources */,
				244C13F4292F83700092AD2B /* AppDelegate.swift in Sources */,
				244C142F292FA9A00092AD2B /* TeamDetailsController.swift in Sources */,
				244C1425292FA1300092AD2B /* TeamCell.swift in Sources */,
				244C140B292F85D50092AD2B /* Leagues.swift in Sources */,
				244C141C292F99620092AD2B /* TeamsController.swift in Sources */,
				244C1416292F90DF0092AD2B /* LeagueCell.swift in Sources */,
				244C1419292F91DB0092AD2B /* CollectionView+Ext.swift in Sources */,
				244C13F6292F83700092AD2B /* SceneDelegate.swift in Sources */,
				244C1420292F997E0092AD2B /* TeamsManager.swift in Sources */,
			);
			runOnlyForDeploymentPostprocessing = 0;
		};
		244C1433292FB2A90092AD2B /* Sources */ = {
			isa = PBXSourcesBuildPhase;
			buildActionMask = 2147483647;
			files = (
				248CC98C2934B65D0090B70D /* LeagueManagerTests.swift in Sources */,
				244C143A292FB2A90092AD2B /* TeamsListTest.swift in Sources */,
			);
			runOnlyForDeploymentPostprocessing = 0;
		};
/* End PBXSourcesBuildPhase section */

/* Begin PBXTargetDependency section */
		244C143C292FB2A90092AD2B /* PBXTargetDependency */ = {
			isa = PBXTargetDependency;
			target = 244C13EF292F83700092AD2B /* FDJTest */;
			targetProxy = 244C143B292FB2A90092AD2B /* PBXContainerItemProxy */;
		};
/* End PBXTargetDependency section */

/* Begin PBXVariantGroup section */
		244C13FE292F83700092AD2B /* LaunchScreen.storyboard */ = {
			isa = PBXVariantGroup;
			children = (
				244C13FF292F83700092AD2B /* Base */,
			);
			name = LaunchScreen.storyboard;
			sourceTree = "<group>";
		};
/* End PBXVariantGroup section */

/* Begin XCBuildConfiguration section */
		244C1402292F83700092AD2B /* Debug */ = {
			isa = XCBuildConfiguration;
			buildSettings = {
				ALWAYS_SEARCH_USER_PATHS = NO;
				CLANG_ANALYZER_NONNULL = YES;
				CLANG_ANALYZER_NUMBER_OBJECT_CONVERSION = YES_AGGRESSIVE;
				CLANG_CXX_LANGUAGE_STANDARD = "gnu++20";
				CLANG_ENABLE_MODULES = YES;
				CLANG_ENABLE_OBJC_ARC = YES;
				CLANG_ENABLE_OBJC_WEAK = YES;
				CLANG_WARN_BLOCK_CAPTURE_AUTORELEASING = YES;
				CLANG_WARN_BOOL_CONVERSION = YES;
				CLANG_WARN_COMMA = YES;
				CLANG_WARN_CONSTANT_CONVERSION = YES;
				CLANG_WARN_DEPRECATED_OBJC_IMPLEMENTATIONS = YES;
				CLANG_WARN_DIRECT_OBJC_ISA_USAGE = YES_ERROR;
				CLANG_WARN_DOCUMENTATION_COMMENTS = YES;
				CLANG_WARN_EMPTY_BODY = YES;
				CLANG_WARN_ENUM_CONVERSION = YES;
				CLANG_WARN_INFINITE_RECURSION = YES;
				CLANG_WARN_INT_CONVERSION = YES;
				CLANG_WARN_NON_LITERAL_NULL_CONVERSION = YES;
				CLANG_WARN_OBJC_IMPLICIT_RETAIN_SELF = YES;
				CLANG_WARN_OBJC_LITERAL_CONVERSION = YES;
				CLANG_WARN_OBJC_ROOT_CLASS = YES_ERROR;
				CLANG_WARN_QUOTED_INCLUDE_IN_FRAMEWORK_HEADER = YES;
				CLANG_WARN_RANGE_LOOP_ANALYSIS = YES;
				CLANG_WARN_STRICT_PROTOTYPES = YES;
				CLANG_WARN_SUSPICIOUS_MOVE = YES;
				CLANG_WARN_UNGUARDED_AVAILABILITY = YES_AGGRESSIVE;
				CLANG_WARN_UNREACHABLE_CODE = YES;
				CLANG_WARN__DUPLICATE_METHOD_MATCH = YES;
				COPY_PHASE_STRIP = NO;
				DEBUG_INFORMATION_FORMAT = dwarf;
				ENABLE_STRICT_OBJC_MSGSEND = YES;
				ENABLE_TESTABILITY = YES;
				GCC_C_LANGUAGE_STANDARD = gnu11;
				GCC_DYNAMIC_NO_PIC = NO;
				GCC_NO_COMMON_BLOCKS = YES;
				GCC_OPTIMIZATION_LEVEL = 0;
				GCC_PREPROCESSOR_DEFINITIONS = (
					"DEBUG=1",
					"$(inherited)",
				);
				GCC_WARN_64_TO_32_BIT_CONVERSION = YES;
				GCC_WARN_ABOUT_RETURN_TYPE = YES_ERROR;
				GCC_WARN_UNDECLARED_SELECTOR = YES;
				GCC_WARN_UNINITIALIZED_AUTOS = YES_AGGRESSIVE;
				GCC_WARN_UNUSED_FUNCTION = YES;
				GCC_WARN_UNUSED_VARIABLE = YES;
				IPHONEOS_DEPLOYMENT_TARGET = 16.1;
				MTL_ENABLE_DEBUG_INFO = INCLUDE_SOURCE;
				MTL_FAST_MATH = YES;
				ONLY_ACTIVE_ARCH = YES;
				SDKROOT = iphoneos;
				SWIFT_ACTIVE_COMPILATION_CONDITIONS = DEBUG;
				SWIFT_OPTIMIZATION_LEVEL = "-Onone";
			};
			name = Debug;
		};
		244C1403292F83700092AD2B /* Release */ = {
			isa = XCBuildConfiguration;
			buildSettings = {
				ALWAYS_SEARCH_USER_PATHS = NO;
				CLANG_ANALYZER_NONNULL = YES;
				CLANG_ANALYZER_NUMBER_OBJECT_CONVERSION = YES_AGGRESSIVE;
				CLANG_CXX_LANGUAGE_STANDARD = "gnu++20";
				CLANG_ENABLE_MODULES = YES;
				CLANG_ENABLE_OBJC_ARC = YES;
				CLANG_ENABLE_OBJC_WEAK = YES;
				CLANG_WARN_BLOCK_CAPTURE_AUTORELEASING = YES;
				CLANG_WARN_BOOL_CONVERSION = YES;
				CLANG_WARN_COMMA = YES;
				CLANG_WARN_CONSTANT_CONVERSION = YES;
				CLANG_WARN_DEPRECATED_OBJC_IMPLEMENTATIONS = YES;
				CLANG_WARN_DIRECT_OBJC_ISA_USAGE = YES_ERROR;
				CLANG_WARN_DOCUMENTATION_COMMENTS = YES;
				CLANG_WARN_EMPTY_BODY = YES;
				CLANG_WARN_ENUM_CONVERSION = YES;
				CLANG_WARN_INFINITE_RECURSION = YES;
				CLANG_WARN_INT_CONVERSION = YES;
				CLANG_WARN_NON_LITERAL_NULL_CONVERSION = YES;
				CLANG_WARN_OBJC_IMPLICIT_RETAIN_SELF = YES;
				CLANG_WARN_OBJC_LITERAL_CONVERSION = YES;
				CLANG_WARN_OBJC_ROOT_CLASS = YES_ERROR;
				CLANG_WARN_QUOTED_INCLUDE_IN_FRAMEWORK_HEADER = YES;
				CLANG_WARN_RANGE_LOOP_ANALYSIS = YES;
				CLANG_WARN_STRICT_PROTOTYPES = YES;
				CLANG_WARN_SUSPICIOUS_MOVE = YES;
				CLANG_WARN_UNGUARDED_AVAILABILITY = YES_AGGRESSIVE;
				CLANG_WARN_UNREACHABLE_CODE = YES;
				CLANG_WARN__DUPLICATE_METHOD_MATCH = YES;
				COPY_PHASE_STRIP = NO;
				DEBUG_INFORMATION_FORMAT = "dwarf-with-dsym";
				ENABLE_NS_ASSERTIONS = NO;
				ENABLE_STRICT_OBJC_MSGSEND = YES;
				GCC_C_LANGUAGE_STANDARD = gnu11;
				GCC_NO_COMMON_BLOCKS = YES;
				GCC_WARN_64_TO_32_BIT_CONVERSION = YES;
				GCC_WARN_ABOUT_RETURN_TYPE = YES_ERROR;
				GCC_WARN_UNDECLARED_SELECTOR = YES;
				GCC_WARN_UNINITIALIZED_AUTOS = YES_AGGRESSIVE;
				GCC_WARN_UNUSED_FUNCTION = YES;
				GCC_WARN_UNUSED_VARIABLE = YES;
				IPHONEOS_DEPLOYMENT_TARGET = 16.1;
				MTL_ENABLE_DEBUG_INFO = NO;
				MTL_FAST_MATH = YES;
				SDKROOT = iphoneos;
				SWIFT_COMPILATION_MODE = wholemodule;
				SWIFT_OPTIMIZATION_LEVEL = "-O";
				VALIDATE_PRODUCT = YES;
			};
			name = Release;
		};
		244C1405292F83700092AD2B /* Debug */ = {
			isa = XCBuildConfiguration;
			buildSettings = {
				ASSETCATALOG_COMPILER_APPICON_NAME = AppIcon;
				ASSETCATALOG_COMPILER_GLOBAL_ACCENT_COLOR_NAME = AccentColor;
				CODE_SIGN_STYLE = Automatic;
				CURRENT_PROJECT_VERSION = 1;
				DEVELOPMENT_TEAM = BMU7N4Q569;
				GENERATE_INFOPLIST_FILE = YES;
				INFOPLIST_FILE = FDJTest/Info.plist;
				INFOPLIST_KEY_UIApplicationSupportsIndirectInputEvents = YES;
				INFOPLIST_KEY_UILaunchStoryboardName = LaunchScreen;
				INFOPLIST_KEY_UISupportedInterfaceOrientations_iPad = "UIInterfaceOrientationPortrait UIInterfaceOrientationPortraitUpsideDown UIInterfaceOrientationLandscapeLeft UIInterfaceOrientationLandscapeRight";
				INFOPLIST_KEY_UISupportedInterfaceOrientations_iPhone = "UIInterfaceOrientationPortrait UIInterfaceOrientationLandscapeLeft UIInterfaceOrientationLandscapeRight";
				LD_RUNPATH_SEARCH_PATHS = (
					"$(inherited)",
					"@executable_path/Frameworks",
				);
				MARKETING_VERSION = 1.0;
				PRODUCT_BUNDLE_IDENTIFIER = bilelbouricha.FDJTest;
				PRODUCT_NAME = "$(TARGET_NAME)";
				SWIFT_EMIT_LOC_STRINGS = YES;
				SWIFT_VERSION = 5.0;
				TARGETED_DEVICE_FAMILY = "1,2";
			};
			name = Debug;
		};
		244C1406292F83700092AD2B /* Release */ = {
			isa = XCBuildConfiguration;
			buildSettings = {
				ASSETCATALOG_COMPILER_APPICON_NAME = AppIcon;
				ASSETCATALOG_COMPILER_GLOBAL_ACCENT_COLOR_NAME = AccentColor;
				CODE_SIGN_STYLE = Automatic;
				CURRENT_PROJECT_VERSION = 1;
				DEVELOPMENT_TEAM = BMU7N4Q569;
				GENERATE_INFOPLIST_FILE = YES;
				INFOPLIST_FILE = FDJTest/Info.plist;
				INFOPLIST_KEY_UIApplicationSupportsIndirectInputEvents = YES;
				INFOPLIST_KEY_UILaunchStoryboardName = LaunchScreen;
				INFOPLIST_KEY_UISupportedInterfaceOrientations_iPad = "UIInterfaceOrientationPortrait UIInterfaceOrientationPortraitUpsideDown UIInterfaceOrientationLandscapeLeft UIInterfaceOrientationLandscapeRight";
				INFOPLIST_KEY_UISupportedInterfaceOrientations_iPhone = "UIInterfaceOrientationPortrait UIInterfaceOrientationLandscapeLeft UIInterfaceOrientationLandscapeRight";
				LD_RUNPATH_SEARCH_PATHS = (
					"$(inherited)",
					"@executable_path/Frameworks",
				);
				MARKETING_VERSION = 1.0;
				PRODUCT_BUNDLE_IDENTIFIER = bilelbouricha.FDJTest;
				PRODUCT_NAME = "$(TARGET_NAME)";
				SWIFT_EMIT_LOC_STRINGS = YES;
				SWIFT_VERSION = 5.0;
				TARGETED_DEVICE_FAMILY = "1,2";
			};
			name = Release;
		};
		244C143E292FB2A90092AD2B /* Debug */ = {
			isa = XCBuildConfiguration;
			buildSettings = {
				BUNDLE_LOADER = "$(TEST_HOST)";
				CODE_SIGN_STYLE = Automatic;
				CURRENT_PROJECT_VERSION = 1;
				DEVELOPMENT_TEAM = BMU7N4Q569;
				GENERATE_INFOPLIST_FILE = YES;
				MARKETING_VERSION = 1.0;
				PRODUCT_BUNDLE_IDENTIFIER = bilelbouricha.FDJTestTests;
				PRODUCT_NAME = "$(TARGET_NAME)";
				SWIFT_EMIT_LOC_STRINGS = NO;
				SWIFT_VERSION = 5.0;
				TARGETED_DEVICE_FAMILY = "1,2";
				TEST_HOST = "$(BUILT_PRODUCTS_DIR)/FDJTest.app/$(BUNDLE_EXECUTABLE_FOLDER_PATH)/FDJTest";
			};
			name = Debug;
		};
		244C143F292FB2A90092AD2B /* Release */ = {
			isa = XCBuildConfiguration;
			buildSettings = {
				BUNDLE_LOADER = "$(TEST_HOST)";
				CODE_SIGN_STYLE = Automatic;
				CURRENT_PROJECT_VERSION = 1;
				DEVELOPMENT_TEAM = BMU7N4Q569;
				GENERATE_INFOPLIST_FILE = YES;
				MARKETING_VERSION = 1.0;
				PRODUCT_BUNDLE_IDENTIFIER = bilelbouricha.FDJTestTests;
				PRODUCT_NAME = "$(TARGET_NAME)";
				SWIFT_EMIT_LOC_STRINGS = NO;
				SWIFT_VERSION = 5.0;
				TARGETED_DEVICE_FAMILY = "1,2";
				TEST_HOST = "$(BUILT_PRODUCTS_DIR)/FDJTest.app/$(BUNDLE_EXECUTABLE_FOLDER_PATH)/FDJTest";
			};
			name = Release;
		};
/* End XCBuildConfiguration section */

/* Begin XCConfigurationList section */
		244C13EB292F83700092AD2B /* Build configuration list for PBXProject "FDJTest" */ = {
			isa = XCConfigurationList;
			buildConfigurations = (
				244C1402292F83700092AD2B /* Debug */,
				244C1403292F83700092AD2B /* Release */,
			);
			defaultConfigurationIsVisible = 0;
			defaultConfigurationName = Release;
		};
		244C1404292F83700092AD2B /* Build configuration list for PBXNativeTarget "FDJTest" */ = {
			isa = XCConfigurationList;
			buildConfigurations = (
				244C1405292F83700092AD2B /* Debug */,
				244C1406292F83700092AD2B /* Release */,
			);
			defaultConfigurationIsVisible = 0;
			defaultConfigurationName = Release;
		};
		244C143D292FB2A90092AD2B /* Build configuration list for PBXNativeTarget "FDJTestTests" */ = {
			isa = XCConfigurationList;
			buildConfigurations = (
				244C143E292FB2A90092AD2B /* Debug */,
				244C143F292FB2A90092AD2B /* Release */,
			);
			defaultConfigurationIsVisible = 0;
			defaultConfigurationName = Release;
		};
/* End XCConfigurationList section */

/* Begin XCRemoteSwiftPackageReference section */
		244C1426292FA2460092AD2B /* XCRemoteSwiftPackageReference "Kingfisher" */ = {
			isa = XCRemoteSwiftPackageReference;
			repositoryURL = "https://github.com/onevcat/Kingfisher";
			requirement = {
				branch = master;
				kind = branch;
			};
		};
/* End XCRemoteSwiftPackageReference section */

/* Begin XCSwiftPackageProductDependency section */
		244C1427292FA2460092AD2B /* Kingfisher */ = {
			isa = XCSwiftPackageProductDependency;
			package = 244C1426292FA2460092AD2B /* XCRemoteSwiftPackageReference "Kingfisher" */;
			productName = Kingfisher;
		};
/* End XCSwiftPackageProductDependency section */
	};
	rootObject = 244C13E8292F83700092AD2B /* Project object */;
}
